
Microsoft Visual Studio Solution File, Format Version 12.00
# Visual Studio Version 17
VisualStudioVersion = 17.14.36518.9 d17.14
MinimumVisualStudioVersion = 10.0.40219.1
Project("{FAE04EC0-301F-11D3-BF4B-00C04F79EFBC}") = "CapaDatos", "CapaDatos\CapaDatos.csproj", "{55145813-13CA-48A9-8DE9-328AFC8BD897}"
EndProject
Project("{FAE04EC0-301F-11D3-BF4B-00C04F79EFBC}") = "CapaNegocios", "CapaNegocios\CapaNegocios.csproj", "{BA314741-8AF9-45EF-8FE3-75C51E6D7131}"
EndProject
Project("{FAE04EC0-301F-11D3-BF4B-00C04F79EFBC}") = "CapaPresentacion", "CapaPresentacion\CapaPresentacion.csproj", "{9A60862C-D215-4CEC-A159-7675FD814D6A}"
EndProject
Global
	GlobalSection(SolutionConfigurationPlatforms) = preSolution
		Debug|Any CPU = Debug|Any CPU
		Release|Any CPU = Release|Any CPU
	EndGlobalSection
	GlobalSection(ProjectConfigurationPlatforms) = postSolution
		{55145813-13CA-48A9-8DE9-328AFC8BD897}.Debug|Any CPU.ActiveCfg = Debug|Any CPU
		{55145813-13CA-48A9-8DE9-328AFC8BD897}.Debug|Any CPU.Build.0 = Debug|Any CPU
		{55145813-13CA-48A9-8DE9-328AFC8BD897}.Release|Any CPU.ActiveCfg = Release|Any CPU
		{55145813-13CA-48A9-8DE9-328AFC8BD897}.Release|Any CPU.Build.0 = Release|Any CPU
		{BA314741-8AF9-45EF-8FE3-75C51E6D7131}.Debug|Any CPU.ActiveCfg = Debug|Any CPU
		{BA314741-8AF9-45EF-8FE3-75C51E6D7131}.Debug|Any CPU.Build.0 = Debug|Any CPU
		{BA314741-8AF9-45EF-8FE3-75C51E6D7131}.Release|Any CPU.ActiveCfg = Release|Any CPU
		{BA314741-8AF9-45EF-8FE3-75C51E6D7131}.Release|Any CPU.Build.0 = Release|Any CPU
		{9A60862C-D215-4CEC-A159-7675FD814D6A}.Debug|Any CPU.ActiveCfg = Debug|Any CPU
		{9A60862C-D215-4CEC-A159-7675FD814D6A}.Debug|Any CPU.Build.0 = Debug|Any CPU
		{9A60862C-D215-4CEC-A159-7675FD814D6A}.Release|Any CPU.ActiveCfg = Release|Any CPU
		{9A60862C-D215-4CEC-A159-7675FD814D6A}.Release|Any CPU.Build.0 = Release|Any CPU
	EndGlobalSection
	GlobalSection(SolutionProperties) = preSolution
		HideSolutionNode = FALSE
	EndGlobalSection
	GlobalSection(ExtensibilityGlobals) = postSolution
		SolutionGuid = {CB67CA06-4304-4A27-9A2E-47C6B7C4D3D8}
	EndGlobalSection
EndGlobal
